
Microsoft Visual Studio Solution File, Format Version 12.00
# Visual Studio Version 17
VisualStudioVersion = 17.10.35201.131
MinimumVisualStudioVersion = 10.0.40219.1
Project("{9A19103F-16F7-4668-BE54-9A1E7A4F7556}") = "Grimoire", "Grimoire.csproj", "{EC7C4246-A95F-4F0D-A769-9628D12386DB}"
EndProject
Global
	GlobalSection(SolutionConfigurationPlatforms) = preSolution
		Debug|Any CPU = Debug|Any CPU
		Release|Any CPU = Release|Any CPU
	EndGlobalSection
	GlobalSection(ProjectConfigurationPlatforms) = postSolution
		{EC7C4246-A95F-4F0D-A769-9628D12386DB}.Debug|Any CPU.ActiveCfg = Debug|Any CPU
		{EC7C4246-A95F-4F0D-A769-9628D12386DB}.Debug|Any CPU.Build.0 = Debug|Any CPU
		{EC7C4246-A95F-4F0D-A769-9628D12386DB}.Release|Any CPU.ActiveCfg = Release|Any CPU
		{EC7C4246-A95F-4F0D-A769-9628D12386DB}.Release|Any CPU.Build.0 = Release|Any CPU
	EndGlobalSection
	GlobalSection(SolutionProperties) = preSolution
		HideSolutionNode = FALSE
	EndGlobalSection
	GlobalSection(ExtensibilityGlobals) = postSolution
		SolutionGuid = {9D6308CD-670F-449B-9ACD-1A526E19A351}
	EndGlobalSection
EndGlobal
